{
  "name": "typescript",
  "version": "1.0.0",
  "lockfileVersion": 2,
  "requires": true,
  "packages": {
    "": {
      "name": "typescript",
      "version": "1.0.0",
      "license": "ISC",
      "dependencies": {
        "palind-vkep": "^1.0.0",
        "typescript": "^5.8.3"
      }
    },
    "node_modules/palind-vkep": {
      "version": "1.0.0",
      "resolved": "https://registry.npmjs.org/palind-vkep/-/palind-vkep-1.0.0.tgz",
      "integrity": "sha512-ZaVO68VyhrRfvauMNBs/7VAVSZHYOvOjytoKy8EgSnaea5t9u4opmAfQW1kXfgBX2DwPcHBIp5PH2vHvnO13qA=="
    },
    "node_modules/typescript": {
      "version": "5.8.3",
      "resolved": "https://registry.npmjs.org/typescript/-/typescript-5.8.3.tgz",
      "integrity": "sha512-p1diW6TqL9L07nNxvRMM7hMMw4c5XOo/1ibL4aAIGmSAt9slTE1Xgw5KWuof2uTOvCg9BY7ZRi+GaF+7sfgPeQ==",
      "bin": {
        "tsc": "bin/tsc",
        "tsserver": "bin/tsserver"
      },
      "engines": {
        "node": ">=14.17"
      }
    }
  },
  "dependencies": {
    "palind-vkep": {
      "version": "1.0.0",
      "resolved": "https://registry.npmjs.org/palind-vkep/-/palind-vkep-1.0.0.tgz",
      "integrity": "sha512-ZaVO68VyhrRfvauMNBs/7VAVSZHYOvOjytoKy8EgSnaea5t9u4opmAfQW1kXfgBX2DwPcHBIp5PH2vHvnO13qA=="
    },
    "typescript": {
      "version": "5.8.3",
      "resolved": "https://registry.npmjs.org/typescript/-/typescript-5.8.3.tgz",
      "integrity": "sha512-p1diW6TqL9L07nNxvRMM7hMMw4c5XOo/1ibL4aAIGmSAt9slTE1Xgw5KWuof2uTOvCg9BY7ZRi+GaF+7sfgPeQ=="
    }
  }
}
